// !$*UTF8*$!
{
	archiveVersion = 1;
	classes = {
	};
	objectVersion = 46;
	objects = {

/* Begin PBXBuildFile section */
		D3A908C51F287600005609CD /* main.m in Sources */ = {isa = PBXBuildFile; fileRef = D3A908C41F287600005609CD /* main.m */; };
		D3A908C81F287600005609CD /* AppDelegate.m in Sources */ = {isa = PBXBuildFile; fileRef = D3A908C71F287600005609CD /* AppDelegate.m */; };
		D3A908CB1F287600005609CD /* ViewController.m in Sources */ = {isa = PBXBuildFile; fileRef = D3A908CA1F287600005609CD /* ViewController.m */; };
		D3A908CE1F287600005609CD /* Main.storyboard in Resources */ = {isa = PBXBuildFile; fileRef = D3A908CC1F287600005609CD /* Main.storyboard */; };
		D3A908D01F287600005609CD /* Assets.xcassets in Resources */ = {isa = PBXBuildFile; fileRef = D3A908CF1F287600005609CD /* Assets.xcassets */; };
		D3A908D31F287600005609CD /* LaunchScreen.storyboard in Resources */ = {isa = PBXBuildFile; fileRef = D3A908D11F287600005609CD /* LaunchScreen.storyboard */; };
		D3A908DE1F287600005609CD /* PushAniamtionTests.m in Sources */ = {isa = PBXBuildFile; fileRef = D3A908DD1F287600005609CD /* PushAniamtionTests.m */; };
		D3A908E91F287600005609CD /* PushAniamtionUITests.m in Sources */ = {isa = PBXBuildFile; fileRef = D3A908E81F287600005609CD /* PushAniamtionUITests.m */; };
		D3A908FE1F28851E005609CD /* WTKAnimationDiffNavi.m in Sources */ = {isa = PBXBuildFile; fileRef = D3A908F71F28851E005609CD /* WTKAnimationDiffNavi.m */; };
		D3A908FF1F28851E005609CD /* WTKBaseAnimation.m in Sources */ = {isa = PBXBuildFile; fileRef = D3A908F91F28851E005609CD /* WTKBaseAnimation.m */; };
		D3A909001F28851E005609CD /* WTKBaseViewController.m in Sources */ = {isa = PBXBuildFile; fileRef = D3A908FB1F28851E005609CD /* WTKBaseViewController.m */; };
		D3A909011F28851E005609CD /* WTKNavigationController.m in Sources */ = {isa = PBXBuildFile; fileRef = D3A908FD1F28851E005609CD /* WTKNavigationController.m */; };
		D3A909041F288585005609CD /* PushedViewController.m in Sources */ = {isa = PBXBuildFile; fileRef = D3A909031F288585005609CD /* PushedViewController.m */; };
		D3A909071F288715005609CD /* UIViewController+WTKAnimationTransitioningSnapshot.m in Sources */ = {isa = PBXBuildFile; fileRef = D3A909061F288715005609CD /* UIViewController+WTKAnimationTransitioningSnapshot.m */; };
/* End PBXBuildFile section */

/* Begin PBXContainerItemProxy section */
		D3A908DA1F287600005609CD /* PBXContainerItemProxy */ = {
			isa = PBXContainerItemProxy;
			containerPortal = D3A908B81F287600005609CD /* Project object */;
			proxyType = 1;
			remoteGlobalIDString = D3A908BF1F287600005609CD;
			remoteInfo = PushAniamtion;
		};
		D3A908E51F287600005609CD /* PBXContainerItemProxy */ = {
			isa = PBXContainerItemProxy;
			containerPortal = D3A908B81F287600005609CD /* Project object */;
			proxyType = 1;
			remoteGlobalIDString = D3A908BF1F287600005609CD;
			remoteInfo = PushAniamtion;
		};
/* End PBXContainerItemProxy section */

/* Begin PBXFileReference section */
		D3A908C01F287600005609CD /* PushAniamtion.app */ = {isa = PBXFileReference; explicitFileType = wrapper.application; includeInIndex = 0; path = PushAniamtion.app; sourceTree = BUILT_PRODUCTS_DIR; };
		D3A908C41F287600005609CD /* main.m */ = {isa = PBXFileReference; lastKnownFileType = sourcecode.c.objc; path = main.m; sourceTree = "<group>"; };
		D3A908C61F287600005609CD /* AppDelegate.h */ = {isa = PBXFileReference; lastKnownFileType = sourcecode.c.h; path = AppDelegate.h; sourceTree = "<group>"; };
		D3A908C71F287600005609CD /* AppDelegate.m */ = {isa = PBXFileReference; lastKnownFileType = sourcecode.c.objc; path = AppDelegate.m; sourceTree = "<group>"; };
		D3A908C91F287600005609CD /* ViewController.h */ = {isa = PBXFileReference; lastKnownFileType = sourcecode.c.h; path = ViewController.h; sourceTree = "<group>"; };
		D3A908CA1F287600005609CD /* ViewController.m */ = {isa = PBXFileReference; lastKnownFileType = sourcecode.c.objc; path = ViewController.m; sourceTree = "<group>"; };
		D3A908CD1F287600005609CD /* Base */ = {isa = PBXFileReference; lastKnownFileType = file.storyboard; name = Base; path = Base.lproj/Main.storyboard; sourceTree = "<group>"; };
		D3A908CF1F287600005609CD /* Assets.xcassets */ = {isa = PBXFileReference; lastKnownFileType = folder.assetcatalog; path = Assets.xcassets; sourceTree = "<group>"; };
		D3A908D21F287600005609CD /* Base */ = {isa = PBXFileReference; lastKnownFileType = file.storyboard; name = Base; path = Base.lproj/LaunchScreen.storyboard; sourceTree = "<group>"; };
		D3A908D41F287600005609CD /* Info.plist */ = {isa = PBXFileReference; lastKnownFileType = text.plist.xml; path = Info.plist; sourceTree = "<group>"; };
		D3A908D91F287600005609CD /* PushAniamtionTests.xctest */ = {isa = PBXFileReference; explicitFileType = wrapper.cfbundle; includeInIndex = 0; path = PushAniamtionTests.xctest; sourceTree = BUILT_PRODUCTS_DIR; };
		D3A908DD1F287600005609CD /* PushAniamtionTests.m */ = {isa = PBXFileReference; lastKnownFileType = sourcecode.c.objc; path = PushAniamtionTests.m; sourceTree = "<group>"; };
		D3A908DF1F287600005609CD /* Info.plist */ = {isa = PBXFileReference; lastKnownFileType = text.plist.xml; path = Info.plist; sourceTree = "<group>"; };
		D3A908E41F287600005609CD /* PushAniamtionUITests.xctest */ = {isa = PBXFileReference; explicitFileType = wrapper.cfbundle; includeInIndex = 0; path = PushAniamtionUITests.xctest; sourceTree = BUILT_PRODUCTS_DIR; };
		D3A908E81F287600005609CD /* PushAniamtionUITests.m */ = {isa = PBXFileReference; lastKnownFileType = sourcecode.c.objc; path = PushAniamtionUITests.m; sourceTree = "<group>"; };
		D3A908EA1F287600005609CD /* Info.plist */ = {isa = PBXFileReference; lastKnownFileType = text.plist.xml; path = Info.plist; sourceTree = "<group>"; };
		D3A908F61F28851E005609CD /* WTKAnimationDiffNavi.h */ = {isa = PBXFileReference; fileEncoding = 4; lastKnownFileType = sourcecode.c.h; path = WTKAnimationDiffNavi.h; sourceTree = "<group>"; };
		D3A908F71F28851E005609CD /* WTKAnimationDiffNavi.m */ = {isa = PBXFileReference; fileEncoding = 4; lastKnownFileType = sourcecode.c.objc; path = WTKAnimationDiffNavi.m; sourceTree = "<group>"; };
		D3A908F81F28851E005609CD /* WTKBaseAnimation.h */ = {isa = PBXFileReference; fileEncoding = 4; lastKnownFileType = sourcecode.c.h; path = WTKBaseAnimation.h; sourceTree = "<group>"; };
		D3A908F91F28851E005609CD /* WTKBaseAnimation.m */ = {isa = PBXFileReference; fileEncoding = 4; lastKnownFileType = sourcecode.c.objc; path = WTKBaseAnimation.m; sourceTree = "<group>"; };
		D3A908FA1F28851E005609CD /* WTKBaseViewController.h */ = {isa = PBXFileReference; fileEncoding = 4; lastKnownFileType = sourcecode.c.h; path = WTKBaseViewController.h; sourceTree = "<group>"; };
		D3A908FB1F28851E005609CD /* WTKBaseViewController.m */ = {isa = PBXFileReference; fileEncoding = 4; lastKnownFileType = sourcecode.c.objc; path = WTKBaseViewController.m; sourceTree = "<group>"; };
		D3A908FC1F28851E005609CD /* WTKNavigationController.h */ = {isa = PBXFileReference; fileEncoding = 4; lastKnownFileType = sourcecode.c.h; path = WTKNavigationController.h; sourceTree = "<group>"; };
		D3A908FD1F28851E005609CD /* WTKNavigationController.m */ = {isa = PBXFileReference; fileEncoding = 4; lastKnownFileType = sourcecode.c.objc; path = WTKNavigationController.m; sourceTree = "<group>"; };
		D3A909021F288585005609CD /* PushedViewController.h */ = {isa = PBXFileReference; fileEncoding = 4; lastKnownFileType = sourcecode.c.h; path = PushedViewController.h; sourceTree = "<group>"; };
		D3A909031F288585005609CD /* PushedViewController.m */ = {isa = PBXFileReference; fileEncoding = 4; lastKnownFileType = sourcecode.c.objc; path = PushedViewController.m; sourceTree = "<group>"; };
		D3A909051F288715005609CD /* UIViewController+WTKAnimationTransitioningSnapshot.h */ = {isa = PBXFileReference; fileEncoding = 4; lastKnownFileType = sourcecode.c.h; path = "UIViewController+WTKAnimationTransitioningSnapshot.h"; sourceTree = "<group>"; };
		D3A909061F288715005609CD /* UIViewController+WTKAnimationTransitioningSnapshot.m */ = {isa = PBXFileReference; fileEncoding = 4; lastKnownFileType = sourcecode.c.objc; path = "UIViewController+WTKAnimationTransitioningSnapshot.m"; sourceTree = "<group>"; };
/* End PBXFileReference section */

/* Begin PBXFrameworksBuildPhase section */
		D3A908BD1F287600005609CD /* Frameworks */ = {
			isa = PBXFrameworksBuildPhase;
			buildActionMask = 2147483647;
			files = (
			);
			runOnlyForDeploymentPostprocessing = 0;
		};
		D3A908D61F287600005609CD /* Frameworks */ = {
			isa = PBXFrameworksBuildPhase;
			buildActionMask = 2147483647;
			files = (
			);
			runOnlyForDeploymentPostprocessing = 0;
		};
		D3A908E11F287600005609CD /* Frameworks */ = {
			isa = PBXFrameworksBuildPhase;
			buildActionMask = 2147483647;
			files = (
			);
			runOnlyForDeploymentPostprocessing = 0;
		};
/* End PBXFrameworksBuildPhase section */

/* Begin PBXGroup section */
		D3A908B71F287600005609CD = {
			isa = PBXGroup;
			children = (
				D3A908C21F287600005609CD /* PushAniamtion */,
				D3A908DC1F287600005609CD /* PushAniamtionTests */,
				D3A908E71F287600005609CD /* PushAniamtionUITests */,
				D3A908C11F287600005609CD /* Products */,
			);
			sourceTree = "<group>";
		};
		D3A908C11F287600005609CD /* Products */ = {
			isa = PBXGroup;
			children = (
				D3A908C01F287600005609CD /* PushAniamtion.app */,
				D3A908D91F287600005609CD /* PushAniamtionTests.xctest */,
				D3A908E41F287600005609CD /* PushAniamtionUITests.xctest */,
			);
			name = Products;
			sourceTree = "<group>";
		};
		D3A908C21F287600005609CD /* PushAniamtion */ = {
			isa = PBXGroup;
			children = (
				D3A909051F288715005609CD /* UIViewController+WTKAnimationTransitioningSnapshot.h */,
				D3A909061F288715005609CD /* UIViewController+WTKAnimationTransitioningSnapshot.m */,
				D3A908F61F28851E005609CD /* WTKAnimationDiffNavi.h */,
				D3A908F71F28851E005609CD /* WTKAnimationDiffNavi.m */,
				D3A908F81F28851E005609CD /* WTKBaseAnimation.h */,
				D3A908F91F28851E005609CD /* WTKBaseAnimation.m */,
				D3A908FA1F28851E005609CD /* WTKBaseViewController.h */,
				D3A908FB1F28851E005609CD /* WTKBaseViewController.m */,
				D3A908FC1F28851E005609CD /* WTKNavigationController.h */,
				D3A908FD1F28851E005609CD /* WTKNavigationController.m */,
				D3A908C61F287600005609CD /* AppDelegate.h */,
				D3A908C71F287600005609CD /* AppDelegate.m */,
				D3A908C91F287600005609CD /* ViewController.h */,
				D3A908CA1F287600005609CD /* ViewController.m */,
				D3A909021F288585005609CD /* PushedViewController.h */,
				D3A909031F288585005609CD /* PushedViewController.m */,
				D3A908CC1F287600005609CD /* Main.storyboard */,
				D3A908CF1F287600005609CD /* Assets.xcassets */,
				D3A908D11F287600005609CD /* LaunchScreen.storyboard */,
				D3A908D41F287600005609CD /* Info.plist */,
				D3A908C31F287600005609CD /* Supporting Files */,
			);
			path = PushAniamtion;
			sourceTree = "<group>";
		};
		D3A908C31F287600005609CD /* Supporting Files */ = {
			isa = PBXGroup;
			children = (
				D3A908C41F287600005609CD /* main.m */,
			);
			name = "Supporting Files";
			sourceTree = "<group>";
		};
		D3A908DC1F287600005609CD /* PushAniamtionTests */ = {
			isa = PBXGroup;
			children = (
				D3A908DD1F287600005609CD /* PushAniamtionTests.m */,
				D3A908DF1F287600005609CD /* Info.plist */,
			);
			path = PushAniamtionTests;
			sourceTree = "<group>";
		};
		D3A908E71F287600005609CD /* PushAniamtionUITests */ = {
			isa = PBXGroup;
			children = (
				D3A908E81F287600005609CD /* PushAniamtionUITests.m */,
				D3A908EA1F287600005609CD /* Info.plist */,
			);
			path = PushAniamtionUITests;
			sourceTree = "<group>";
		};
/* End PBXGroup section */

/* Begin PBXNativeTarget section */
		D3A908BF1F287600005609CD /* PushAniamtion */ = {
			isa = PBXNativeTarget;
			buildConfigurationList = D3A908ED1F287600005609CD /* Build configuration list for PBXNativeTarget "PushAniamtion" */;
			buildPhases = (
				D3A908BC1F287600005609CD /* Sources */,
				D3A908BD1F287600005609CD /* Frameworks */,
				D3A908BE1F287600005609CD /* Resources */,
			);
			buildRules = (
			);
			dependencies = (
			);
			name = PushAniamtion;
			productName = PushAniamtion;
			productReference = D3A908C01F287600005609CD /* PushAniamtion.app */;
			productType = "com.apple.product-type.application";
		};
		D3A908D81F287600005609CD /* PushAniamtionTests */ = {
			isa = PBXNativeTarget;
			buildConfigurationList = D3A908F01F287600005609CD /* Build configuration list for PBXNativeTarget "PushAniamtionTests" */;
			buildPhases = (
				D3A908D51F287600005609CD /* Sources */,
				D3A908D61F287600005609CD /* Frameworks */,
				D3A908D71F287600005609CD /* Resources */,
			);
			buildRules = (
			);
			dependencies = (
				D3A908DB1F287600005609CD /* PBXTargetDependency */,
			);
			name = PushAniamtionTests;
			productName = PushAniamtionTests;
			productReference = D3A908D91F287600005609CD /* PushAniamtionTests.xctest */;
			productType = "com.apple.product-type.bundle.unit-test";
		};
		D3A908E31F287600005609CD /* PushAniamtionUITests */ = {
			isa = PBXNativeTarget;
			buildConfigurationList = D3A908F31F287600005609CD /* Build configuration list for PBXNativeTarget "PushAniamtionUITests" */;
			buildPhases = (
				D3A908E01F287600005609CD /* Sources */,
				D3A908E11F287600005609CD /* Frameworks */,
				D3A908E21F287600005609CD /* Resources */,
			);
			buildRules = (
			);
			dependencies = (
				D3A908E61F287600005609CD /* PBXTargetDependency */,
			);
			name = PushAniamtionUITests;
			productName = PushAniamtionUITests;
			productReference = D3A908E41F287600005609CD /* PushAniamtionUITests.xctest */;
			productType = "com.apple.product-type.bundle.ui-testing";
		};
/* End PBXNativeTarget section */

/* Begin PBXProject section */
		D3A908B81F287600005609CD /* Project object */ = {
			isa = PBXProject;
			attributes = {
				LastUpgradeCheck = 0830;
				ORGANIZATIONNAME = okdeer;
				TargetAttributes = {
					D3A908BF1F287600005609CD = {
						CreatedOnToolsVersion = 8.3.3;
						DevelopmentTeam = W222R58V26;
						ProvisioningStyle = Automatic;
					};
					D3A908D81F287600005609CD = {
						CreatedOnToolsVersion = 8.3.3;
						DevelopmentTeam = W222R58V26;
						ProvisioningStyle = Automatic;
						TestTargetID = D3A908BF1F287600005609CD;
					};
					D3A908E31F287600005609CD = {
						CreatedOnToolsVersion = 8.3.3;
						DevelopmentTeam = W222R58V26;
						ProvisioningStyle = Automatic;
						TestTargetID = D3A908BF1F287600005609CD;
					};
				};
			};
			buildConfigurationList = D3A908BB1F287600005609CD /* Build configuration list for PBXProject "PushAniamtion" */;
			compatibilityVersion = "Xcode 3.2";
			developmentRegion = English;
			hasScannedForEncodings = 0;
			knownRegions = (
				en,
				Base,
			);
			mainGroup = D3A908B71F287600005609CD;
			productRefGroup = D3A908C11F287600005609CD /* Products */;
			projectDirPath = "";
			projectRoot = "";
			targets = (
				D3A908BF1F287600005609CD /* PushAniamtion */,
				D3A908D81F287600005609CD /* PushAniamtionTests */,
				D3A908E31F287600005609CD /* PushAniamtionUITests */,
			);
		};
/* End PBXProject section */

/* Begin PBXResourcesBuildPhase section */
		D3A908BE1F287600005609CD /* Resources */ = {
			isa = PBXResourcesBuildPhase;
			buildActionMask = 2147483647;
			files = (
				D3A908D31F287600005609CD /* LaunchScreen.storyboard in Resources */,
				D3A908D01F287600005609CD /* Assets.xcassets in Resources */,
				D3A908CE1F287600005609CD /* Main.storyboard in Resources */,
			);
			runOnlyForDeploymentPostprocessing = 0;
		};
		D3A908D71F287600005609CD /* Resources */ = {
			isa = PBXResourcesBuildPhase;
			buildActionMask = 2147483647;
			files = (
			);
			runOnlyForDeploymentPostprocessing = 0;
		};
		D3A908E21F287600005609CD /* Resources */ = {
			isa = PBXResourcesBuildPhase;
			buildActionMask = 2147483647;
			files = (
			);
			runOnlyForDeploymentPostprocessing = 0;
		};
/* End PBXResourcesBuildPhase section */

/* Begin PBXSourcesBuildPhase section */
		D3A908BC1F287600005609CD /* Sources */ = {
			isa = PBXSourcesBuildPhase;
			buildActionMask = 2147483647;
			files = (
				D3A908CB1F287600005609CD /* ViewController.m in Sources */,
				D3A909041F288585005609CD /* PushedViewController.m in Sources */,
				D3A908C81F287600005609CD /* AppDelegate.m in Sources */,
				D3A909001F28851E005609CD /* WTKBaseViewController.m in Sources */,
				D3A909011F28851E005609CD /* WTKNavigationController.m in Sources */,
				D3A908FE1F28851E005609CD /* WTKAnimationDiffNavi.m in Sources */,
				D3A908FF1F28851E005609CD /* WTKBaseAnimation.m in Sources */,
				D3A908C51F287600005609CD /* main.m in Sources */,
				D3A909071F288715005609CD /* UIViewController+WTKAnimationTransitioningSnapshot.m in Sources */,
			);
			runOnlyForDeploymentPostprocessing = 0;
		};
		D3A908D51F287600005609CD /* Sources */ = {
			isa = PBXSourcesBuildPhase;
			buildActionMask = 2147483647;
			files = (
				D3A908DE1F287600005609CD /* PushAniamtionTests.m in Sources */,
			);
			runOnlyForDeploymentPostprocessing = 0;
		};
		D3A908E01F287600005609CD /* Sources */ = {
			isa = PBXSourcesBuildPhase;
			buildActionMask = 2147483647;
			files = (
				D3A908E91F287600005609CD /* PushAniamtionUITests.m in Sources */,
			);
			runOnlyForDeploymentPostprocessing = 0;
		};
/* End PBXSourcesBuildPhase section */

/* Begin PBXTargetDependency section */
		D3A908DB1F287600005609CD /* PBXTargetDependency */ = {
			isa = PBXTargetDependency;
			target = D3A908BF1F287600005609CD /* PushAniamtion */;
			targetProxy = D3A908DA1F287600005609CD /* PBXContainerItemProxy */;
		};
		D3A908E61F287600005609CD /* PBXTargetDependency */ = {
			isa = PBXTargetDependency;
			target = D3A908BF1F287600005609CD /* PushAniamtion */;
			targetProxy = D3A908E51F287600005609CD /* PBXContainerItemProxy */;
		};
/* End PBXTargetDependency section */

/* Begin PBXVariantGroup section */
		D3A908CC1F287600005609CD /* Main.storyboard */ = {
			isa = PBXVariantGroup;
			children = (
				D3A908CD1F287600005609CD /* Base */,
			);
			name = Main.storyboard;
			sourceTree = "<group>";
		};
		D3A908D11F287600005609CD /* LaunchScreen.storyboard */ = {
			isa = PBXVariantGroup;
			children = (
				D3A908D21F287600005609CD /* Base */,
			);
			name = LaunchScreen.storyboard;
			sourceTree = "<group>";
		};
/* End PBXVariantGroup section */

/* Begin XCBuildConfiguration section */
		D3A908EB1F287600005609CD /* Debug */ = {
			isa = XCBuildConfiguration;
			buildSettings = {
				ALWAYS_SEARCH_USER_PATHS = NO;
				CLANG_ANALYZER_NONNULL = YES;
				CLANG_ANALYZER_NUMBER_OBJECT_CONVERSION = YES_AGGRESSIVE;
				CLANG_CXX_LANGUAGE_STANDARD = "gnu++0x";
				CLANG_CXX_LIBRARY = "libc++";
				CLANG_ENABLE_MODULES = YES;
				CLANG_ENABLE_OBJC_ARC = YES;
				CLANG_WARN_BOOL_CONVERSION = YES;
				CLANG_WARN_CONSTANT_CONVERSION = YES;
				CLANG_WARN_DIRECT_OBJC_ISA_USAGE = YES_ERROR;
				CLANG_WARN_DOCUMENTATION_COMMENTS = YES;
				CLANG_WARN_EMPTY_BODY = YES;
				CLANG_WARN_ENUM_CONVERSION = YES;
				CLANG_WARN_INFINITE_RECURSION = YES;
				CLANG_WARN_INT_CONVERSION = YES;
				CLANG_WARN_OBJC_ROOT_CLASS = YES_ERROR;
				CLANG_WARN_SUSPICIOUS_MOVE = YES;
				CLANG_WARN_UNREACHABLE_CODE = YES;
				CLANG_WARN__DUPLICATE_METHOD_MATCH = YES;
				"CODE_SIGN_IDENTITY[sdk=iphoneos*]" = "iPhone Developer";
				COPY_PHASE_STRIP = NO;
				DEBUG_INFORMATION_FORMAT = dwarf;
				ENABLE_STRICT_OBJC_MSGSEND = YES;
				ENABLE_TESTABILITY = YES;
				GCC_C_LANGUAGE_STANDARD = gnu99;
				GCC_DYNAMIC_NO_PIC = NO;
				GCC_NO_COMMON_BLOCKS = YES;
				GCC_OPTIMIZATION_LEVEL = 0;
				GCC_PREPROCESSOR_DEFINITIONS = (
					"DEBUG=1",
					"$(inherited)",
				);
				GCC_WARN_64_TO_32_BIT_CONVERSION = YES;
				GCC_WARN_ABOUT_RETURN_TYPE = YES_ERROR;
				GCC_WARN_UNDECLARED_SELECTOR = YES;
				GCC_WARN_UNINITIALIZED_AUTOS = YES_AGGRESSIVE;
				GCC_WARN_UNUSED_FUNCTION = YES;
				GCC_WARN_UNUSED_VARIABLE = YES;
				IPHONEOS_DEPLOYMENT_TARGET = 10.3;
				MTL_ENABLE_DEBUG_INFO = YES;
				ONLY_ACTIVE_ARCH = YES;
				SDKROOT = iphoneos;
			};
			name = Debug;
		};
		D3A908EC1F287600005609CD /* Release */ = {
			isa = XCBuildConfiguration;
			buildSettings = {
				ALWAYS_SEARCH_USER_PATHS = NO;
				CLANG_ANALYZER_NONNULL = YES;
				CLANG_ANALYZER_NUMBER_OBJECT_CONVERSION = YES_AGGRESSIVE;
				CLANG_CXX_LANGUAGE_STANDARD = "gnu++0x";
				CLANG_CXX_LIBRARY = "libc++";
				CLANG_ENABLE_MODULES = YES;
				CLANG_ENABLE_OBJC_ARC = YES;
				CLANG_WARN_BOOL_CONVERSION = YES;
				CLANG_WARN_CONSTANT_CONVERSION = YES;
				CLANG_WARN_DIRECT_OBJC_ISA_USAGE = YES_ERROR;
				CLANG_WARN_DOCUMENTATION_COMMENTS = YES;
				CLANG_WARN_EMPTY_BODY = YES;
				CLANG_WARN_ENUM_CONVERSION = YES;
				CLANG_WARN_INFINITE_RECURSION = YES;
				CLANG_WARN_INT_CONVERSION = YES;
				CLANG_WARN_OBJC_ROOT_CLASS = YES_ERROR;
				CLANG_WARN_SUSPICIOUS_MOVE = YES;
				CLANG_WARN_UNREACHABLE_CODE = YES;
				CLANG_WARN__DUPLICATE_METHOD_MATCH = YES;
				"CODE_SIGN_IDENTITY[sdk=iphoneos*]" = "iPhone Developer";
				COPY_PHASE_STRIP = NO;
				DEBUG_INFORMATION_FORMAT = "dwarf-with-dsym";
				ENABLE_NS_ASSERTIONS = NO;
				ENABLE_STRICT_OBJC_MSGSEND = YES;
				GCC_C_LANGUAGE_STANDARD = gnu99;
				GCC_NO_COMMON_BLOCKS = YES;
				GCC_WARN_64_TO_32_BIT_CONVERSION = YES;
				GCC_WARN_ABOUT_RETURN_TYPE = YES_ERROR;
				GCC_WARN_UNDECLARED_SELECTOR = YES;
				GCC_WARN_UNINITIALIZED_AUTOS = YES_AGGRESSIVE;
				GCC_WARN_UNUSED_FUNCTION = YES;
				GCC_WARN_UNUSED_VARIABLE = YES;
				IPHONEOS_DEPLOYMENT_TARGET = 10.3;
				MTL_ENABLE_DEBUG_INFO = NO;
				SDKROOT = iphoneos;
				VALIDATE_PRODUCT = YES;
			};
			name = Release;
		};
		D3A908EE1F287600005609CD /* Debug */ = {
			isa = XCBuildConfiguration;
			buildSettings = {
				ASSETCATALOG_COMPILER_APPICON_NAME = AppIcon;
				DEVELOPMENT_TEAM = W222R58V26;
				INFOPLIST_FILE = PushAniamtion/Info.plist;
				IPHONEOS_DEPLOYMENT_TARGET = 8.0;
				LD_RUNPATH_SEARCH_PATHS = "$(inherited) @executable_path/Frameworks";
				PRODUCT_BUNDLE_IDENTIFIER = com.okdeer.PushAniamtion;
				PRODUCT_NAME = "$(TARGET_NAME)";
			};
			name = Debug;
		};
		D3A908EF1F287600005609CD /* Release */ = {
			isa = XCBuildConfiguration;
			buildSettings = {
				ASSETCATALOG_COMPILER_APPICON_NAME = AppIcon;
				DEVELOPMENT_TEAM = W222R58V26;
				INFOPLIST_FILE = PushAniamtion/Info.plist;
				IPHONEOS_DEPLOYMENT_TARGET = 8.0;
				LD_RUNPATH_SEARCH_PATHS = "$(inherited) @executable_path/Frameworks";
				PRODUCT_BUNDLE_IDENTIFIER = com.okdeer.PushAniamtion;
				PRODUCT_NAME = "$(TARGET_NAME)";
			};
			name = Release;
		};
		D3A908F11F287600005609CD /* Debug */ = {
			isa = XCBuildConfiguration;
			buildSettings = {
				BUNDLE_LOADER = "$(TEST_HOST)";
				DEVELOPMENT_TEAM = W222R58V26;
				INFOPLIST_FILE = PushAniamtionTests/Info.plist;
				LD_RUNPATH_SEARCH_PATHS = "$(inherited) @executable_path/Frameworks @loader_path/Frameworks";
				PRODUCT_BUNDLE_IDENTIFIER = com.okdeer.PushAniamtionTests;
				PRODUCT_NAME = "$(TARGET_NAME)";
				TEST_HOST = "$(BUILT_PRODUCTS_DIR)/PushAniamtion.app/PushAniamtion";
			};
			name = Debug;
		};
		D3A908F21F287600005609CD /* Release */ = {
			isa = XCBuildConfiguration;
			buildSettings = {
				BUNDLE_LOADER = "$(TEST_HOST)";
				DEVELOPMENT_TEAM = W222R58V26;
				INFOPLIST_FILE = PushAniamtionTests/Info.plist;
				LD_RUNPATH_SEARCH_PATHS = "$(inherited) @executable_path/Frameworks @loader_path/Frameworks";
				PRODUCT_BUNDLE_IDENTIFIER = com.okdeer.PushAniamtionTests;
				PRODUCT_NAME = "$(TARGET_NAME)";
				TEST_HOST = "$(BUILT_PRODUCTS_DIR)/PushAniamtion.app/PushAniamtion";
			};
			name = Release;
		};
		D3A908F41F287600005609CD /* Debug */ = {
			isa = XCBuildConfiguration;
			buildSettings = {
				DEVELOPMENT_TEAM = W222R58V26;
				INFOPLIST_FILE = PushAniamtionUITests/Info.plist;
				LD_RUNPATH_SEARCH_PATHS = "$(inherited) @executable_path/Frameworks @loader_path/Frameworks";
				PRODUCT_BUNDLE_IDENTIFIER = com.okdeer.PushAniamtionUITests;
				PRODUCT_NAME = "$(TARGET_NAME)";
				TEST_TARGET_NAME = PushAniamtion;
			};
			name = Debug;
		};
		D3A908F51F287600005609CD /* Release */ = {
			isa = XCBuildConfiguration;
			buildSettings = {
				DEVELOPMENT_TEAM = W222R58V26;
				INFOPLIST_FILE = PushAniamtionUITests/Info.plist;
				LD_RUNPATH_SEARCH_PATHS = "$(inherited) @executable_path/Frameworks @loader_path/Frameworks";
				PRODUCT_BUNDLE_IDENTIFIER = com.okdeer.PushAniamtionUITests;
				PRODUCT_NAME = "$(TARGET_NAME)";
				TEST_TARGET_NAME = PushAniamtion;
			};
			name = Release;
		};
/* End XCBuildConfiguration section */

/* Begin XCConfigurationList section */
		D3A908BB1F287600005609CD /* Build configuration list for PBXProject "PushAniamtion" */ = {
			isa = XCConfigurationList;
			buildConfigurations = (
				D3A908EB1F287600005609CD /* Debug */,
				D3A908EC1F287600005609CD /* Release */,
			);
			defaultConfigurationIsVisible = 0;
			defaultConfigurationName = Release;
		};
		D3A908ED1F287600005609CD /* Build configuration list for PBXNativeTarget "PushAniamtion" */ = {
			isa = XCConfigurationList;
			buildConfigurations = (
				D3A908EE1F287600005609CD /* Debug */,
				D3A908EF1F287600005609CD /* Release */,
			);
			defaultConfigurationIsVisible = 0;
		};
		D3A908F01F287600005609CD /* Build configuration list for PBXNativeTarget "PushAniamtionTests" */ = {
			isa = XCConfigurationList;
			buildConfigurations = (
				D3A908F11F287600005609CD /* Debug */,
				D3A908F21F287600005609CD /* Release */,
			);
			defaultConfigurationIsVisible = 0;
		};
		D3A908F31F287600005609CD /* Build configuration list for PBXNativeTarget "PushAniamtionUITests" */ = {
			isa = XCConfigurationList;
			buildConfigurations = (
				D3A908F41F287600005609CD /* Debug */,
				D3A908F51F287600005609CD /* Release */,
			);
			defaultConfigurationIsVisible = 0;
		};
/* End XCConfigurationList section */
	};
	rootObject = D3A908B81F287600005609CD /* Project object */;
}
